{
  "nodes": {
    "crate2nix": {
      "flake": false,
      "locked": {
        "lastModified": 1650460722,
        "narHash": "sha256-jk4SZ8iOnfJEceVULjyOAq4MrX9CfU5bCWMyZP9nJVA=",
        "owner": "kolloch",
        "repo": "crate2nix",
        "rev": "78258f27fc3121562a44eb02c652a5ec77cf8d02",
        "type": "github"
      },
      "original": {
        "owner": "kolloch",
        "repo": "crate2nix",
        "type": "github"
      }
    },
    "flake-utils": {
      "locked": {
        "lastModified": 1652776076,
        "narHash": "sha256-gzTw/v1vj4dOVbpBSJX4J0DwUR6LIyXo7/SuuTJp1kM=",
        "owner": "numtide",
        "repo": "flake-utils",
        "rev": "04c1b180862888302ddfb2e3ad9eaa63afc60cf8",
        "type": "github"
      },
      "original": {
        "owner": "numtide",
        "repo": "flake-utils",
        "type": "github"
      }
    },
    "nixpkgs": {
      "locked": {
        "lastModified": 1652889427,
        "narHash": "sha256-I4rCmEIc8eTiKjp/yb+rnClGUHKjwZqTUPVj282FqH4=",
        "owner": "nixos",
        "repo": "nixpkgs",
        "rev": "8ccfb5b4ebafd30247ca528cb869059954f3f0e2",
        "type": "github"
      },
      "original": {
        "owner": "nixos",
        "repo": "nixpkgs",
        "type": "github"
      }
    },
    "root": {
      "inputs": {
        "crate2nix": "crate2nix",
        "flake-utils": "flake-utils",
        "nixpkgs": "nixpkgs"
      }
    }
  },
  "root": "root",
  "version": 7
}
